
Microsoft Visual Studio Solution File, Format Version 12.00
# Visual Studio Version 16
VisualStudioVersion = 16.0.30413.136
MinimumVisualStudioVersion = 10.0.40219.1
Project("{FAE04EC0-301F-11D3-BF4B-00C04F79EFBC}") = "NeoastraNotepad", "NeoastraNotepad\NeoastraNotepad.csproj", "{590DBE04-B395-413D-AD19-2E0A999647EA}"
EndProject
Global
	GlobalSection(SolutionConfigurationPlatforms) = preSolution
		Debug|Any CPU = Debug|Any CPU
		Release|Any CPU = Release|Any CPU
	EndGlobalSection
	GlobalSection(ProjectConfigurationPlatforms) = postSolution
		{590DBE04-B395-413D-AD19-2E0A999647EA}.Debug|Any CPU.ActiveCfg = Debug|Any CPU
		{590DBE04-B395-413D-AD19-2E0A999647EA}.Debug|Any CPU.Build.0 = Debug|Any CPU
		{590DBE04-B395-413D-AD19-2E0A999647EA}.Release|Any CPU.ActiveCfg = Release|Any CPU
		{590DBE04-B395-413D-AD19-2E0A999647EA}.Release|Any CPU.Build.0 = Release|Any CPU
	EndGlobalSection
	GlobalSection(SolutionProperties) = preSolution
		HideSolutionNode = FALSE
	EndGlobalSection
	GlobalSection(ExtensibilityGlobals) = postSolution
		SolutionGuid = {0EA05F13-2CE4-4F7A-A3A2-7C7011C19E1D}
	EndGlobalSection
EndGlobal
